#
# This file is autogenerated by pip-compile with Python 3.12
# by the following command:
#
#    pip-compile --allow-unsafe --extra=live --extra=release --generate-hashes --output-file=requirements.lock --strip-extras pyproject.toml
#
annotated-doc==0.0.5 \
    --hash=sha256:117bac03a25ede5df5440e855b32d556049ca169ead221505badf432fed4b101 \
    --hash=sha256:c7e58ce09192557605d8bbd92836d7e1d520ac9580096042c0bfd197efacf1bb
    # via fastapi
annotated-types==0.8.0 \
    --hash=sha256:13b2beaad985e05e2d6407ee4c4f35590b11f8d693a258a561055cac8f64cab7 \
    --hash=sha256:f072f4d804ea359e4eaf198b1af7a8b0943881a87f31bb764f8bf219bb9419e0
    # via pydantic
anyio==4.14.2 \
    --hash=sha256:9f505dda5ac9f0c8309b5e8bd445a8c2bf7246f3ce950121e45ea15bc41d1494 \
    --hash=sha256:cfa139f3ed1a23ee8f88a145ddb5ac7605b8bbfd8592baacd7ce3d8bb4313c7f
    # via starlette
cffi==2.1.1 \
    --hash=sha256:046bfc24911b37851ee1b51aab8bffe713d89c68c6a057b09484ce9fd5f69b4e \
    --hash=sha256:06c72bb76605a4b0cd0aad6930b69d4baf7dd5d806cfc409b824191099700e66 \
    --hash=sha256:0beceaabe56af686895136a2de78db54ecd8e4046b236b8fd6d6cb61389e9bf2 \
    --hash=sha256:154852545011f779917b11c78db2358d095da62a9a172b78ad0a583ee5adc0d0 \
    --hash=sha256:194cffa889098ced9976c3fc6340305e43f6303657d298da55366907c05c22d6 \
    --hash=sha256:19ee6127ee34de7d83ce3d371ebc5ed91addbdcc39f9ab15ce4eb35a4e534971 \
    --hash=sha256:1a18a57b58cfb21fc28d72e876acf10eaed67a1ed96226f92af4df681d571c4c \
    --hash=sha256:1aa5645c30469b09530c4ebca77ebf8f17618293c58f8549cb1a543a50236e7d \
    --hash=sha256:1dea0e4d7d4f11f619fe8c1d76caf49e24405b4b5743c0e3be16a500ecd930c9 \
    --hash=sha256:208f941bb9d18e768138677f0a6d2ce01f590df56043dda1df1535ac57c88517 \
    --hash=sha256:210019b6c7cf07f081b4c54635c8cf744377001350e29cc0f81c4377b4797735 \
    --hash=sha256:246fa40ce8645a614ff682e0b70f37134e460eaf93a775e0cbe3cca585a67a80 \
    --hash=sha256:25792eac27877609e7bb06d42ff88278a6624fff2ba9bbb523c09616b117e80f \
    --hash=sha256:27350daa11d4f10c540e6e89dada4c54feb7256ad03e9a4dc075ebad7ba360d1 \
    --hash=sha256:28907ab9bfb6aa13184cfc17c6b8e1023c5ab6fd7076d8c20a35e59fe04f8f29 \
    --hash=sha256:2ae64be792b8966f2c69538199728b290e34726562896df1e5dc8ffd8d8188e8 \
    --hash=sha256:31348097ff5bbe827ccc41795d4dd099d9f0625e7def00ee653c137a490c2a6c \
    --hash=sha256:3143d81e29e1e20a9ce10901ec369012947876596f75a222235965f2b7ae832e \
    --hash=sha256:3222ba5d678f80a030e6afbcc33dc1ae5cb45facabb61cee2c7016b8432fde48 \
    --hash=sha256:3311ed60d36f83378794e1009ac6258bafbf81f7888b4caa7b35a521e3f95813 \
    --hash=sha256:334644fbac4eff73d985a17a91226df55d0f394160c4cfb880e084c8f7161cac \
    --hash=sha256:34e261f78cb6ceaaa36f42f2613f4380d94d9c759a9c73c769ee6e0247364632 \
    --hash=sha256:363e05fa78e15116c3c32c210ee36884fd6b9afa6d440e47112c3bd511d64cb6 \
    --hash=sha256:398aff33cee2767e3e781d2554c54bd0dff386bb437581e0d8011fde1a942ec1 \
    --hash=sha256:3d22a20b1fb1632cc72c22f95f7b0d2961c3e1c235f245ba4c606c4771035659 \
    --hash=sha256:42a494cee34437f05546455144f2b5d9ac09b1face62bcfce597d2e521066688 \
    --hash=sha256:42e2f76b9455f5a9a844f770bf3e200ed3da0e15f5df3db9c31fe80b04b3d004 \
    --hash=sha256:42f6930c31dc7f50732c9ae793c2786c7b6b044195967bbdde40bb9be81c4cc0 \
    --hash=sha256:456a61fa52d579ebf9df2e9552ead5129855dbaff6c1e5a9b1bc408809bdc062 \
    --hash=sha256:471cee653ae88de62096552e6d24ccb4a5adb8c8c9f10b5054d0122c15bf2779 \
    --hash=sha256:49cbc70e6542d4ccccb936558d1064a8012541e78f821f955cff24e357776c94 \
    --hash=sha256:4a7c934f7360e8cd64fe9efadcbd10c7c6364f531e432b9a4bf5ccbc9e0e8b50 \
    --hash=sha256:4be96343e422f2dfcd12ab5c9f5aebe03f82f737c6bffeca6830b3875cb44aab \
    --hash=sha256:4f42141fc14250de6dde5ee7ea4432be017252d91f19c5ad043c084cea629cac \
    --hash=sha256:507a24c282e0f42f8ed737cf048572cbf580468da5555764a8331735e9c736b6 \
    --hash=sha256:51b31d1c98274844cfd7838ce00bfc27c7423a4dc00fc0772fc3331c2cc90676 \
    --hash=sha256:58acb8ab8e295e6c5ea12f888cbb13cf21511ef2a3303a23f4325c29d17fe5c1 \
    --hash=sha256:5a59cc1c4442bc3d5c703bf720b51138d0bfc173618807c9ee2490a7541dd3d9 \
    --hash=sha256:5bb4e7ea95dcd6a014a6fef62e62467d67d8e582326443f3d68e71d6320a9fcf \
    --hash=sha256:5c58fe613dc5e5336357eff555824a314d8e43282600435c8d1cb6a7a2fedd13 \
    --hash=sha256:5e7cecbaadb83884793e05828cee59b210b24583b9c7425d0ba6a754fe22eb4e \
    --hash=sha256:616f097f2fe415bc92a247f02e11f634e1f9e9a83d327e3c915c15089c87869e \
    --hash=sha256:63bbfd5ded17c4840ac07cd8f1c21ba9d9708141f840b324f422f41b207e3973 \
    --hash=sha256:64faea20f4e2613363a1a9b9c7dd73058f3ecd00133a511e72ad7c511658f527 \
    --hash=sha256:661c298b4821edebead0c91edd2b00374d67ad7c5a1f7a91d4442633b79d6a72 \
    --hash=sha256:68e62fe11f30d5ca8289242866f0a5291402d8529ca2178ab8afc5c9694ae890 \
    --hash=sha256:6a8dddef476fab96d066d578fc88526767b836ab5ab21754e1d5bf3879c31c7c \
    --hash=sha256:6e192623c49c94421616a5778fba35cf0d5a8d000650c1967ef4448ee5cdd990 \
    --hash=sha256:7225e4514edb64eb6740324353e0da0711954fd8d7da4576755b1c6e09b697cd \
    --hash=sha256:75f80557d1389eddbd0de2681f6a390a0c5338c31ddaa821381c203fc3fd50d9 \
    --hash=sha256:770de9db11e84213beec501cfcaa013b019820ca881e03344dea5844f7876d94 \
    --hash=sha256:7750c6449dff7864bb9bb27ddfb0267756189201a3afc911d82b3caacd70dfc3 \
    --hash=sha256:7bde5e4cc5c10140859842b9d383af292b22639a4dffb725314baf45968cef80 \
    --hash=sha256:7ce713ace7c0e4520535b42b77eaa742c16dab813978064913e5a3cf82973b41 \
    --hash=sha256:7da0c5eff80f0197f3b3d1232ec5a682a9325f4ae9016a78f5f5ca35f9ced1f5 \
    --hash=sha256:7dbb61fe3a7699468030f71bbe5f8a0e326a151daa91beb11a6fc1f980c55e1c \
    --hash=sha256:811bd1e21d32de12efca32393a0ab3f5133b54fce9bd44b8bd77ab07da14bf6a \
    --hash=sha256:8ef53b2de9bcb9197d31854256575d59dbac0cba72ac627bb291ef5eceb74be4 \
    --hash=sha256:937c0052c05a31ca1daf18de3158eed4dbfcb9cc107adbea227728d647be701e \
    --hash=sha256:9d2055050ea716bd38b7f7f1579c275386646b4894c155a3e2f3cd62ed41b7c6 \
    --hash=sha256:9f8d177621de5cb38ee3e731eda45d421db093ec0739f46a5594babda7987a98 \
    --hash=sha256:a2d7755bef5a12ed488f4ef1f1b69ee9191d7396083b755a5d2295f6edb4768b \
    --hash=sha256:a48d62ab9d6f4f98c983223a547af44be6ca3691074c31cecced6facd3ba2dc1 \
    --hash=sha256:a4f00aa42f75d6e4595e8866e748cc1705adc0cddfeb2ca86d0d03993d63ba03 \
    --hash=sha256:a6e721d4b0e45d5b65e87534470e67b18dcd092c83f68fba09f152b9cbc061af \
    --hash=sha256:a730a083190634c65cca36ba5f489531576ebd79bcd5c8e172130f6453127231 \
    --hash=sha256:a931079504ecc49efed7744c476a5c343a92fabf66dec2db95edb1b2fdc770e2 \
    --hash=sha256:aa9511c62d14da7aacc9b4bf51f3f697a621e83b2d6919008243c3aad168eea3 \
    --hash=sha256:ab36d55f9ed2d067327667c2fea18dda018eb628dd6347aa01dda6cf1f5d3836 \
    --hash=sha256:ad2c86c495b899d862ea0f4b42891b8713a3bd45dd4105c7fd51c2a72f39f3a5 \
    --hash=sha256:aeae0e330c9f6acd681f647d46cefd30c29f93e3392882e792e82080c9691399 \
    --hash=sha256:b0431303acaea1089ad4b3e9ce4e6518193def1118d4073ca848635ee4ea2e96 \
    --hash=sha256:b5bdfd1c873d4e093aabc0ca84c4ca6dbc4f752afb5c86f146d9742580c9da2e \
    --hash=sha256:baed1e86cc735622097354b9d1281406caf42ff42a886d29faa8e8d1630333be \
    --hash=sha256:c1453022f490d2459a11819d83ad1d586e9ff65a12ac3e705ffebd46d3685dcf \
    --hash=sha256:c26608d2222fb1e94487e4a387d85f13eb55d5ed725cb25a0c589ac4ee60e7bc \
    --hash=sha256:c7659f22557c5a0bc4855cd635f55edec690cc008a40768527762cb9fb263455 \
    --hash=sha256:c8c69575568085ba0b1b10c0249d779a214aea6f6522e949a0fc9fb0fcb449d0 \
    --hash=sha256:c8d2c9fd1f2d16f780d15127abb050d13d1a76c03a4bd87d7e4980e45e511e12 \
    --hash=sha256:ca82be1a1d406ecfe1d25dc16cb33488e5a16bf4438c9fb590484ea29d92478b \
    --hash=sha256:cc572dace3f60ef98d7b12ff411d20f5362feb31a0439eab0085bbfd349982d7 \
    --hash=sha256:d18e5ac0f2f03f4f518d3e23db0f0cad7faa1da8620e9c09461d443bbf6e6692 \
    --hash=sha256:d28630f5854ab07ab1fd4aba756de52326c82e6be15d414b12793f1975048b54 \
    --hash=sha256:d9c275eaacd24aa73f94ffd6de08fc3f932424d8b6c376f4bed7cde376fe7bc3 \
    --hash=sha256:da0e573f9f97159390c89d9f1a9e41908b66d408cc5b58d08cf3847d844c531b \
    --hash=sha256:dd31f52ea1086513bb9df30f8fcee9b8918323ae067a3d5b78bc826a000712be \
    --hash=sha256:dddad92b554513a31f272570678ba307fb9f618f05e3d4a5eacafff9eae03e1d \
    --hash=sha256:df423d40ee8654634421812bc3b196da3f9bd7d32929da813f8394c4348a5358 \
    --hash=sha256:df913725b79db7bcf03448f36b7bf8815363417d5b58deecf9305e3e30f0f21a \
    --hash=sha256:e0bcb7e0f677f543555d2adff3bf19c05f66cdb4796e5ff602442ab2fe3c4ef7 \
    --hash=sha256:e2d65b31f36619cda3999b78b2aa9632e76b78448e7a56fc4240824200e7c4fc \
    --hash=sha256:e6e8cff14d6fb0be70a09c0bdc58096f501952d04624ebf867e0e56da2df8960 \
    --hash=sha256:f16c709686a78c727bbbf059f92b0bf41c6fc60deec706d2dc19f529175a6125 \
    --hash=sha256:f24fb43132a4c6b4cb4eb029492919b2db645be6808d738f244fd146c03c32cb \
    --hash=sha256:f53e442b08449d42821fa4a4fba000095af9f62742a500f978a9f557ec44339a \
    --hash=sha256:f5cfbc5fe74540d335175b656c725d74d90e3730c626d92575eea35029d9afaa \
    --hash=sha256:f81b3b8f3d4e343550fa4baa0e479bba9f2d29ce9c2e9b51d1ce1718d7442fcf \
    --hash=sha256:f8ec5e643a9a937f64e1999eb9f75d072263751912dc5cd06d3c85f8f44be7c3 \
    --hash=sha256:fb92203a88b3d3053034db775110081c49d28be6551923805e039924093761e4 \
    --hash=sha256:fcd22650c908d7b7da162bbfaab594a1227a15d1643a98c68b122ac642fa2264
    # via cryptography
click==8.4.2 \
    --hash=sha256:9a6cea6e60b17ebe0a44c5cc636d94f09bd66142c1cd7d8b4cd731c4917a15f6 \
    --hash=sha256:e6f9f66136c816745b9d65817da91d61d957fb16e02e4dcd0552553c5a197b76
    # via uvicorn
cryptography==50.0.0 \
    --hash=sha256:031e2d5dd4bb9caa3ca9c82e5a197fd8ae680232cee62603d1a813f3f07e3d03 \
    --hash=sha256:06a32a980526a6ab9a4b9bf8f7385800791e2bb960903cb6b530e4817509a3b7 \
    --hash=sha256:07479a1cb08219ab719147e742e76090c9c773321959bb94946fffdd397a6437 \
    --hash=sha256:07949c449a1abcf60d1ee6e88956d89404c7df3c8258f46589e912988e551987 \
    --hash=sha256:105110f43a471dbd0060b9c9516cb8a6a79233631a04cc2ba16f28323ac6e025 \
    --hash=sha256:11b74db56cdbe3cdee6e3f6982ecb70334fa10dce99ed58bf7894aaaa3b2a037 \
    --hash=sha256:12b9c6996425c76ea6c457ace4f3073e715b8c545add07cd1a8f3a4f90691269 \
    --hash=sha256:1489e263a8048bb8b6a8bac662eb2d402ea5d2b7b4699b72f385f1e2772db105 \
    --hash=sha256:19736989797678c6af1e55cd49055cdbcb55d8f6b5583ac5335f933aba9101dc \
    --hash=sha256:1b4a266766514614f8aa60416e71f2fc6e575d36e7bdc90f644fadb2f4b75b95 \
    --hash=sha256:2a8183b489dc1f7f80f135780fadc1108f14b31b8a40411c7a5b17425f65f28b \
    --hash=sha256:37fdb0d0111f1e2ff07139dfb79f1b49531f8e213c46f1163dd7642979b58c47 \
    --hash=sha256:3f5735ffe4996d28b809371756219f5354864902a3b9e7c0b9ee87041209fc9c \
    --hash=sha256:49e7d93abdbd2990caced757e5fade25302f719c3c8fb6e6fff2dde98999fc41 \
    --hash=sha256:5e34edd123674534acd70147f0ca331eaa2c74e6325fb2028c886aa26ba0b68c \
    --hash=sha256:62598a8a57f815db4c6259a4e97d857dab56697e7de8e8ab02352ab74da1995d \
    --hash=sha256:65c2c3add92b45fd0709db8594536aea39c2a67af0e27ffcf049c498501140b7 \
    --hash=sha256:6ba6a53445bd3cfa809ef3ef5f1589aa6ba08784a1d962bf47d0940e871dab1c \
    --hash=sha256:6e7d61120573a7f2cd94cc095f9e81f6967c61ccdf194285aa143ecec8e0b708 \
    --hash=sha256:7cec5b856506da6defb290f30c9ee687d5f5e8cb0bd3f6459dde43b0b4fa40ef \
    --hash=sha256:80b63928fa35083b33966ce1efb70e5b9607181e49dcd1c22c8c005e319f667f \
    --hash=sha256:82148ec5bddac30b51a5b3c1945075f896fa022cb93f8e4a01e9f6ee95292c5f \
    --hash=sha256:828743d939e9629bc267b8e2d08d8bb67cd4319c771a33d4b18b22dd8fb7440a \
    --hash=sha256:8d89f3976b10b4ce31118de72329025f70d2c6ead14a8217c5514dd2c6d5a78f \
    --hash=sha256:8eb5e1172eb569ea8a872796576e6a67c276351728b6455d5beb01242b027c6a \
    --hash=sha256:900131fafd8aead39ac7dd3a7e833be754c17a95cfd91221636949fe4eb0aa8a \
    --hash=sha256:910d11e1a385c654bf738bf3e6b8e6ed5de0f5610fcae2be9e5b398d8081d20e \
    --hash=sha256:910e1d2668e7de9648f2bcee30e180db2a6b15c30f887d7c4c93ddf96e3992e3 \
    --hash=sha256:9aa87839c383bdbab6ef865787a1fb877af8dd03464c4400322726feaaadfc6d \
    --hash=sha256:a1b30560f2acc95aa8b2e06e716a13dbfc97314747b80d9707e307f77b40d6b3 \
    --hash=sha256:a91296cb61e8df6f86d0c19cc4068228da256bf59bf86049fbd821084565327f \
    --hash=sha256:b42a28c1844fd9de8f3f7d540e36b66f3a9c83fceac7170ebc7a6a19edd9dcae \
    --hash=sha256:bd1c592e4d5974f0d08d4888e432157adba757c66da0246918e43677fafa2d30 \
    --hash=sha256:c87f62a3d3b9888ed0fdde100ec06aa61ca9cd44bad9057d1dff9a516b5f5bb9 \
    --hash=sha256:c99c003e088647b8a5b7c145d6f78c335f6348332b62e142d411c4b63d1460b9 \
    --hash=sha256:ccdc4a71a4dabae05de219404f9f4abc38e3b58422177ff93d0da05967dafa07 \
    --hash=sha256:d24fead1d4d076e1bfb006dcec392074a3cd8d7b4fc8a595aa64073b2b7a96ba \
    --hash=sha256:d58c3db7cd6eed54e6c06744db55456b65ebd7492ddeae9c1e93cfca7aa857d3 \
    --hash=sha256:d764dcf130c428ef66786f866dd750f53182bc608813489915e9fc106bb0c82f \
    --hash=sha256:df2a58a472f332225671c35b0a830208b86d004f82baa8530fa3782c85646533 \
    --hash=sha256:e722f16708d854fe924790e051061f6704a472c3bac347b6fd88033ea8dd0dc5 \
    --hash=sha256:ecfed7367f965a0328cfbdd70da860f15441f002f613185668c6e6ebf5a0ac11 \
    --hash=sha256:eeac2acb5a20ed25e0ad6d1df9891a520b78b404266b6d11778f25d5d691a6c9 \
    --hash=sha256:f59e38625469987d7ef6d495323c55e7db6c212eaf6112267e0d3b565a2e9c9f \
    --hash=sha256:f89831ef99dd7dd169ab06d63a831adb9e20a87aac6d380266bbda5823349169 \
    --hash=sha256:fd9192b7b70c573d7f214eb1ae35e00d359f6f5e4b27c7e21e30de1fc6204645
    # via etoro-demo-agent (pyproject.toml)
duckdb==1.5.5 \
    --hash=sha256:078e6a60dd8eedde5832f45422ca5c4a6b8c837aeabd8a56ca0b7d933f588053 \
    --hash=sha256:0c42757cb34722144bd4dfb94b6f336339e7b2468f6813fa7fa9a319ba07bab4 \
    --hash=sha256:179633a3fc6296c75d57c69c1e239fa9e5cdcb670fd1dbff88a02663f932905c \
    --hash=sha256:1a925d06c2a4c3b64553d6cc1aced5028d376d4479bed689a7d47e9b1dccd80a \
    --hash=sha256:1b543841b0ae18a9c982345cfa3987e9c065d3a4b0f067daa473d92d1e65f528 \
    --hash=sha256:1bdc38922c365c37720149f90d90b1e9823eb82dad6830855b5f87537fa6fc0c \
    --hash=sha256:2725d2b9ace3a4e75d72fc5a239f6a44b502c580edadb8fb2676db772c5f9282 \
    --hash=sha256:2e72f9e1a4f90a5c8483ad4d540e495bf0834ba61c360b52499a573d7ed62a3f \
    --hash=sha256:33db46679b071f108d57139493dee2d37e1f5efcf5c5c039c2969eed11a6c8a7 \
    --hash=sha256:3b805507f88171b428b21c966c30e9a3d54e30b24528918a44ed0032542bc26f \
    --hash=sha256:49c963d9469373d7aba8d750d9ea565ab823e94166efed953f184dd9b169b98c \
    --hash=sha256:4acc72798ba1885a9c17d1242903d2cd502f13b1271c7677f7cab25d8578eceb \
    --hash=sha256:63e48d4b74b15aeacd688976432a7225163df8c226eddeb8536bba2d4d4ff433 \
    --hash=sha256:64078acfd16541132ac6e191eb81b2845554444a0305cc1aa581ba107e514aa8 \
    --hash=sha256:6826504277dba513c0c5d71d828456c94d729c9d2482f94b2e289f90a9167e28 \
    --hash=sha256:72f33ee57ca7595b23957671a2cc7f7fe2be0ecc2d68f63abedcfcaa3a5c1238 \
    --hash=sha256:77bbc1e6ba12e1e06f9020117bdf848627ecfdf36f907550e62e008e6109dece \
    --hash=sha256:7a6d2d11859d82a936ebdcb30ce3d8a1cbb3e990bff05c12abb9b54c44fa7bd1 \
    --hash=sha256:8c11775cc99a447618d5f1840126db17f2652f3eae05529df4f81f40e2df7151 \
    --hash=sha256:8e6413dd40facb7b8ab21bd844450cd8f549b29e138635be9cf090ef4d2049e2 \
    --hash=sha256:9dc826c4b50e64f6c4e4d07a3a9cb075ef70ba3899dc43ec5493dc3d7b04b353 \
    --hash=sha256:9f4287f97ccf0c1f3d471e7115be2b067cbf99627e2d34bffd462dd64703cddc \
    --hash=sha256:a17e6a922e42a5c06ed2353fe78c5dff2610f6632d603836f9606ad0bf754079 \
    --hash=sha256:a736217825461732b5442d05a220f3da2e23a0dae114efbf08c9bf171b53098a \
    --hash=sha256:b08e19cc856220d8a26fa62abc2264b349aff67255e9373c6a3f607addd56dc6 \
    --hash=sha256:b9b6f86ed85d4ef5e0211eaebf75d057bd8bb520bba438a95dd0f4e42234bbfe \
    --hash=sha256:baa9c5702002fabb559ded2a39008f9f421fcbc7237d388b8213eff1e08858de \
    --hash=sha256:cd98829b67788609017e65c761bd42a5dd0f9129441bed8bda4d6881ccf819f0 \
    --hash=sha256:d4dd65f8941a604b947e0b9b4b4f7165988e29a23ec0b69b4038520956d9933e \
    --hash=sha256:ddfbdb096c11d51ee22492397d342c90a82e62c5d09961477895934d0a25372f \
    --hash=sha256:e238060db5ca59879882a6e9b015e2c65d5c64ddf281ba1d7a9a2033764152cf \
    --hash=sha256:f0b88535a5d86fdd63dba6ea02ab68c003dfb9e4892b11256ef24c4da208baae \
    --hash=sha256:f316eae2323d9a851883fdf2dee91c1f9efe251ab33e14a2272f82a913422ed6 \
    --hash=sha256:fbf0f2d48b43c6c304d00463b463c27ead6c4b01c3c1816b750f728decf71afe \
    --hash=sha256:feead93c56679b79592d437c62975d39cb67adedffa7592c763baf8160ac7366
    # via etoro-demo-agent (pyproject.toml)
fastapi==0.141.1 \
    --hash=sha256:bfb91aa2d334c61cb35ba9a116fc123b3d3df31640b801cf57a7a78ec3f603b3 \
    --hash=sha256:e8822fc40db1e1858054d7a949a888695bc9bdce70139178e33bd2871a453ca1
    # via etoro-demo-agent (pyproject.toml)
h11==0.16.0 \
    --hash=sha256:4e35b956cf45792e4caa5885e69fba00bdbc6ffafbfa020300e549b208ee5ff1 \
    --hash=sha256:63cf8bbe7522de3bf65932fda1d9c2772064ffb3dae62d55932da54b31cb6c86
    # via uvicorn
idna==3.18 \
    --hash=sha256:7f952cbe720b688055e3f87de14f5c3e5fdaa8bc3928985c4077ca689de849a2 \
    --hash=sha256:ffb385a7e039654cef1ab9ef32c6fafe283c0c0467bba1d9029738ce4a14a848
    # via anyio
psycopg==3.3.4 \
    --hash=sha256:b6bbc25ccf05c8fad3b061d9db2ef0909a555171b84b07f29458a447253d679a \
    --hash=sha256:e21207764952cff81b6b8bdacad9a3939f2793367fdac2987b3aac36a651b5bc
    # via etoro-demo-agent (pyproject.toml)
psycopg-binary==3.3.4 \
    --hash=sha256:018fbed325936da502feb546642c982dcc4b9ffdea32dfef78dbf3b7f7ad4070 \
    --hash=sha256:0579252a1202cd73e4da137a1426e2dae993ae44e757605344282af3a082848c \
    --hash=sha256:136f199a407b5348b9b857c504aff60c77622a28482e7195839ce1b51238c4cc \
    --hash=sha256:13a7f380824c35896dcac7fe0f61440f7ca49d6dc73f3c13a9a4471e6a3b302e \
    --hash=sha256:17a21953a9e5ff3a16dab692625a3676e2f101db5e40072f39dbee2250194d68 \
    --hash=sha256:1dc1f79fd16bb1f3f4421417a514607539f17804d95c7ed617265369d1981cae \
    --hash=sha256:1fbaa292a3c8bb61b45df1ad3da1908ccee7cb889db9425e3557d9e34e2a4829 \
    --hash=sha256:22cdbf5f91ef7bb91fe0c5757e1962d3127a8010256eefd9c61fcaf441802097 \
    --hash=sha256:26df2717e59c0473e4465a97dfb1b7afebaa479277870fd5784d1436470db47c \
    --hash=sha256:276904e3452d6a23d474ef9a21eee19f20eed3d53ddd2576af033827e0ba0992 \
    --hash=sha256:28b7398fdd19db3232c884fb24550bdfe951221f510e195e233299e4c9b78f97 \
    --hash=sha256:2c09aad7051326e7603c14e50636db9c01f78272dc54b3accff03d46370461e6 \
    --hash=sha256:32a6fbf8481e3a370d0d72b860d35948a693cb01281da217f7b2f307636e591a \
    --hash=sha256:41f2ec0fea529832982bcb6c9415de3c86264ebe562b77a467c0fbcd7efbba8d \
    --hash=sha256:46893c26858be12cc49ca4226ed6a60b4bfccadd946b3bebb783a60b38788228 \
    --hash=sha256:47c656a8a7ba6eb0cff1801a4caaa9c8bdc12d03080e273aff1c8ac39971a77e \
    --hash=sha256:494ca54901be8cf9eb7e02c25b731f2317c378efa44f43e8f9bd0e1184ae7be4 \
    --hash=sha256:514404ed543efd620c85602b747df2a23cf1241b4067199e1a66f2d2757aaa41 \
    --hash=sha256:574ea21a9651958f1535c5a1c649c7409e9168bcbffa29a3f2f961f58b322949 \
    --hash=sha256:580ae30a5f95ccd90008ec697d3ed6a4a2047a516407ad904283fa42086936e9 \
    --hash=sha256:5ab28a2a7649df3b72e6b674b4c190e448e8e77cf496a65bd846472048de2089 \
    --hash=sha256:5c4ab71be17bdca30cb34c34c4e1496e2f5d6f20c199c12bad226070b22ef9bf \
    --hash=sha256:612a627d733f695b1de1f9b4bd511c15f999a5d8b915d444bbd7dd71cf3370da \
    --hash=sha256:6402a9d8146cf4b3974ded3fd28a971e83dc6a0333eb7822524a3aa20b546578 \
    --hash=sha256:6b9016b1714da4dd5ecaaa75b82098aa5a0b87854ce9b092e21c27c4ae23e014 \
    --hash=sha256:71e55ccbdfae79a2ed9c6369c3008a3025817ff9d7e27b32a2d84e2a4267e66e \
    --hash=sha256:7465bfe6087d2d5b42d4c53b9b11ca9f218e477317a4a162a10e3c19e984ba8e \
    --hash=sha256:75a9067e236f9b9ae3535b66fe99bddb33d39c0de10112e49b9ab11eee53dc31 \
    --hash=sha256:773d573e11f437ce0bdb95b7c18dc58390494f96d43f8b45b9760436114f7652 \
    --hash=sha256:77df19583501ea288eaf15ac0fe7ad01e6d8091a91d5c41df5c718f307d8e31b \
    --hash=sha256:7f7668f30b9dd5163197e5cbf4e0efd54e00f0a859cc566ce56cfc31f4054839 \
    --hash=sha256:8c0056529e68dbe9184cd4019a1f3d8f3a4ead2f6fc7a5afcf27d3314edd1277 \
    --hash=sha256:94596f9e7633ee3f6440711d43bb70aa31cc0a46a900ab8b4201a366ace5c9e7 \
    --hash=sha256:ab8cca8ef8fb1ccf5b048ae5bd78ba55b9e4b5d472e3ce5ca39ff4d2a9c249e4 \
    --hash=sha256:ad3bc94054876155549fdaedf4a46d1ec69d39a5bcee377148afe498e84c4b8e \
    --hash=sha256:b56b603ebcea8aa10b46228b8410ba7f13e7c2ee54389d4d9be0927fd8ce2a70 \
    --hash=sha256:b6f5a29e9c775b9f12a1a717aa7a2c80f9e1db6f27ba44a5b59c80ac61d2ffcf \
    --hash=sha256:b7bfff1ca23732b488cbca3076fc11bc98d520ee122514fdb17a8e20d3338f5a \
    --hash=sha256:bdef84570ebbce1d42b4e7ea952d21c414c5f118ad02fee00c5625f35e134429 \
    --hash=sha256:c37e024c07308cd06cf3ec51bfd0e7f6157585a4d84d1bce4a7f5f7913719bf8 \
    --hash=sha256:c677c4ad433cb7150c8cd304a0769ae3bcfbe5ea0676eb53faa7b1443b16d0d3 \
    --hash=sha256:cf7f73a4a792bc5db58a4b385d8a1467e8d468f7548702fb0ed1e9b7501b1c13 \
    --hash=sha256:cffc3408d77a27973f33e5d909b624cce683db5fc25964b02fe0aae7886c1007 \
    --hash=sha256:d7b4d40c153fa352ab3cca530f3a0baedf7621b2ebcbd7f084009522c21788fc \
    --hash=sha256:dbfdb9b6cc79f31104a7b162a2b921b765fcc62af6c00540a167a8de47e4ed38 \
    --hash=sha256:df1d567fc430f6df15c9fcf67d87685fc49bdb325adc0db5af1adfb2f44eb5c9 \
    --hash=sha256:e2631da29253a98bd496e6c4813b24e09a4fe3fb2a9e88513305d6f8747cce95 \
    --hash=sha256:e7510c37550f91a187e3660a8cc50d4b760f8c3b8b2f89ebc5698cd2c7f2c85d \
    --hash=sha256:eb05ee1c2b817d27c537333224c9e83c7afb86fe7296ba970990068baf819b16 \
    --hash=sha256:eb4eed2079c01a4850bf467deacfab56d356d4225040170af03dc9958321242d \
    --hash=sha256:ee17a2cf4943cde261adfad1bbc5bf38d6b3776d7afff74c7cabcbeaeb08c260 \
    --hash=sha256:f80e3f2b5331dbbf0901bcb658056c03eeb2c1ef31d774afb0d61598b242e744 \
    --hash=sha256:f9b1c2533af01cd7648378599f82b0b8ae32f293296e6eec5753a625bc97ef28 \
    --hash=sha256:fa1cbc10768a796c96d3243656016bf4e337c81c71097270bb7b0ad6210d9765 \
    --hash=sha256:fbd1d4ed566895ad2d3bf4ddfd8bae90026930ddf29df3b9d91d32c8c47866a7
    # via psycopg
pyarrow==25.0.1 \
    --hash=sha256:0b1edbb2f385a6a65e9711b62ba86ac54a7816a3f8d17bb3e8a5929d65fb2485 \
    --hash=sha256:0b726ad7e7b669be982b0c71c07fe4b037d654354130da79a7902a669e93a66b \
    --hash=sha256:0befcf816e45a1af33ac775a9970b749e4868a230c7372f0ae5e932bee27039f \
    --hash=sha256:0fe7c8b6c03969b49c8c66182e4a18e3819ab92d07cfab5d8370c531b9369ef0 \
    --hash=sha256:119297a6dc197e45d9c6d4415f7814a67ffa36c180d26f68c154c58067ae782d \
    --hash=sha256:169d3429d5be7c752125890620f75a60776d38b0035eddae939651640822332e \
    --hash=sha256:25f8720bf6387d5dc2ebd2622112de630760419e4b66134405dd24110d15f37e \
    --hash=sha256:31e49a7888fcdf3a835da33ae777f6bb9a866334e5a789282fc26dcf426f7f15 \
    --hash=sha256:35935cd5de130aa5cf4dea052a63e6bf2e17006c35c3a468194242b9b2bf5956 \
    --hash=sha256:38a9a4b4b9613380e200641891495a56c3d5a98a092db4a870af9975e220471d \
    --hash=sha256:3f89685964f46e4216103c75483aac0c0692a5f72212d7ca835adba5ede56ce3 \
    --hash=sha256:4288f27577352d608ca08553b0865e4a9b3aa14820c5d95b53337218d609835b \
    --hash=sha256:4340f0ba6c1d2e13f21658de1d7c662ca2545018568d0030a1e9afca159d87e3 \
    --hash=sha256:44a9120ce5bd81936b8ab9a88076e3fd47c2c6838e0e43630fed83626aca81d9 \
    --hash=sha256:4facd65742a024a4a366328a1d2292062d72d6e023c1b7dda8d4c37544933a25 \
    --hash=sha256:51093dd9e10325fbdb3c10a2ae7c4806e5c822d94e74ae4938b26524a3323fee \
    --hash=sha256:514ddb60285631af068875550c90eddc181db3e8e63a032b1559be189e82f056 \
    --hash=sha256:5389cdf79447ed1515c9e31620e6e1e2302249564d603f2ad727d4f6d313e4c3 \
    --hash=sha256:59a2de54c0cbd954da861eee4d1d330f8e909c45b53455baef696380f2c55033 \
    --hash=sha256:60e89d8f13861a1f7f8d950fa54aebb8023b30734d0ac51ffa80beabe2df4bba \
    --hash=sha256:6109c94d8b9f3b17a041daca16cacb2f651ad8f1ef70a4232c2c0f37a23da2a8 \
    --hash=sha256:62cd0d785b8aa6675ee355f9fc02252a340f4441257c42674937826fd7594325 \
    --hash=sha256:6943e2fe7954d29d84de45d29d34c8dc36ce96570e67d89aa9976e650a4a9138 \
    --hash=sha256:6a1fdfc6659b6b19022f2e50627fb5cf7156a66c46bf4299379955cbe742382a \
    --hash=sha256:880523be3d29efcf83d3998835d206118ccf35e3871dbd2fb60408cf6b007a80 \
    --hash=sha256:8858d7bfc22e3f51529aeaa4077225029724623e4595dc9eff8c793935c34140 \
    --hash=sha256:9150a83248bfed9813ea3c3af74c3856c1984d444aa28e58bf7733b9750ddf6a \
    --hash=sha256:9171748cdf796972d85a4b60157c279913e242992e350c90c7450182a9838b2a \
    --hash=sha256:a4d6d5e9a3d1879a97c08ded0c797579b7965eafd0f0c26c30b45ccc06db939b \
    --hash=sha256:a4dd8bf99a8fac133efc0ed6a92f5fddbe2adba0d0f6dd720e39ba9855cea85c \
    --hash=sha256:aa0559502e1cd6254d6814614085dd9c5a3dd0419362978a936a3f68a9e5c3df \
    --hash=sha256:b7a296aac7a71fa0886c08e155ddb6c636a50013f801f6178daafa0f9e726188 \
    --hash=sha256:bddd0c4f7630c2a3ddf6347c1bdaa79d97bcf6bd445f9e60c816b7d77c85a5ae \
    --hash=sha256:bf0b672390cdcb640d7288f96b826d71ff4e9abb254a86c89890baf51a29cee6 \
    --hash=sha256:c7c534ec03c358a76ea3e505e74c1b6aef290af90c444dfd092dbfe23e755b85 \
    --hash=sha256:cab40b1edfef0262e0e5251aa2c58d75630f24d06dd7794480243acc001a1d7d \
    --hash=sha256:cc4aa407fde9fc660be3939e49ea31f50f3e9fec17c0ec63159f7711edd3efc9 \
    --hash=sha256:d51592cb7561e87877c506113e7adbf1342ab579e6c21f0ef44b8ba41cb74c80 \
    --hash=sha256:dda9470024204d7bbf2042b47c6e8a0e47a3eeb8e34405882dfaea6577e0c153 \
    --hash=sha256:df961f2e7ae9cf496459259d798652c70625f6c080650d6952f8c04053c58ee9 \
    --hash=sha256:eb6203482ff3746a5632303a7279ae0b5a304c46985b49ed1378cb350ea6728d \
    --hash=sha256:f3831aaa25c67a99f99dc8b05873cb9d64560390372e2aa197ce9dd4a3f06a44 \
    --hash=sha256:f729cfdbd36fd99d543b67a914d2de044c84ebe45be8b34902b299b608c15c8f
    # via etoro-demo-agent (pyproject.toml)
pycparser==3.0 \
    --hash=sha256:600f49d217304a5902ac3c37e1281c9fe94e4d0489de643a9504c5cdfdfc6b29 \
    --hash=sha256:b727414169a36b7d524c1c3e31839a521725078d7b2ff038656844266160a992
    # via cffi
pydantic==2.13.4 \
    --hash=sha256:45a282cde31d808236fd7ea9d919b128653c8b38b393d1c4ab335c62924d9aba \
    --hash=sha256:c40756b57adaa8b1efeeced5c196f3f3b7c435f90e84ea7f443901bec8099ef6
    # via fastapi
pydantic-core==2.46.4 \
    --hash=sha256:00c603d540afdd6b80eb39f078f33ebd46211f02f33e34a32d9f053bba711de0 \
    --hash=sha256:0186750b482eefa11d7f435892b09c5c606193ef3375bcf94aa00ae6bfb66262 \
    --hash=sha256:041bde0a48fd37cf71cab1c9d56d3e8625a3793fef1f7dd232b3ff37e978ecda \
    --hash=sha256:0c563b08bca408dc7f65f700633d8442fffb2421fc47b8101377e9fd65051ff0 \
    --hash=sha256:0cbe8b01f948de4286c74cdd6c667aceb38f5c1e26f0693b3983d9d74887c65e \
    --hash=sha256:0ce40cd7b21210e99342afafbd4d0f76d784eb5b1d60f3bdc566be4983c6c73b \
    --hash=sha256:0e96592440881c74a213e5ad528e2b24d3d4f940de2766bed9010ab1d9e51594 \
    --hash=sha256:10e17cbb10a330363733efc4d7c4d0dd827ac0909b8f6a6542298fed1ea62f29 \
    --hash=sha256:133878133d271ade3d41d1bfb2a45ec38dbdbda40bc065921c6b04e4630127e2 \
    --hash=sha256:14d4edf427bdcf950a8a02d7cb44a08614388dd6e1bdcbf4f67504fa7887da9c \
    --hash=sha256:14f4c5d6db102bd796a627bbb3a17b4cf4574b9ae861d8b7c9a9661c6dd3362d \
    --hash=sha256:17299feefe090f2caa5b8e37222bb5f663e4935a8bfa6931d4102e5df1a9f398 \
    --hash=sha256:184c081504d17f1c1066e430e117142b2c77d9448a97f7b65c6ac9fd9aee238d \
    --hash=sha256:18e5ceec2ab67e6d5f1a9085e5a24c9c4e2ac4545730bfe668680bca05e555f3 \
    --hash=sha256:19e51f073cd3df251856a8a4189fbdf1de4012c3ebacfb1884f94f1eb406079f \
    --hash=sha256:1a7dd0b3ee80d90150e3495a3a13ac34dbcbfd4f012996a6a1d8900e91b5c0fb \
    --hash=sha256:1d8ba486450b14f3b1d63bc521d410ec7565e52f887b9fb671791886436a42f7 \
    --hash=sha256:2108ba5c1c1eca18030634489dc544844144ee36357f2f9f780b93e7ddbb44b5 \
    --hash=sha256:228ee9bae8bef5b1e97ec58302f80357c37199e0d0a99174e138d28e6957b9d9 \
    --hash=sha256:23ace664830ee0bfe014a0c7bc248b1f7f25ed7ad103852c317624a1083af462 \
    --hash=sha256:2412e734dcb48da14d4e4006b82b46b74f2518b8a26ee7e58c6844a6cd6d03c4 \
    --hash=sha256:29c61fc04a3d840155ff08e475a04809278972fe6aef51e2720554e96367e34b \
    --hash=sha256:2f84c03c8607173d16b5a854ec68a2f9079ae03237a54fb506d13af47e1d018d \
    --hash=sha256:3009f12e4e90b7f88b4f9adb1b0c4a3d58fe7820f3238c190047209d148026df \
    --hash=sha256:3245406455a5d98187ec35530fd772b1d799b26667980872c8d4614991e2c4a2 \
    --hash=sha256:3447661d99f75a3683a4cf5c87da72f2161964611864dbbeac7fbb118bb4bfc0 \
    --hash=sha256:372429a130e469c9cd698925ce5fc50940b7a1336b0d82038e63d5bbc4edc519 \
    --hash=sha256:395aebd9183f9d112f569aeb5b2214d1a10a33bec8456447f7fbdfa51d38d4cd \
    --hash=sha256:3a233125ac121aa3ffba9a2b59edfc4a985a76092dc8279586ab4b71390875e7 \
    --hash=sha256:3be77f45df024d789a672ae34f8b06fb346c4f9f46ea714956660ea4862e89ac \
    --hash=sha256:3bf92c5d0e00fefaab325a4d27828fe6b6e2a21848686b5b60d2d9eeb09d76c6 \
    --hash=sha256:3ecbc122d18468d06ca279dc26a8c2e2d5acb10943bb35e36ae92096dc3b5565 \
    --hash=sha256:3fb702cd90b0446a3a1c5e470bfa0dd23c0233b676a9099ddcc964fa6ca13898 \
    --hash=sha256:428e04521a40150c85216fc8b85e8d39fece235a9cf5e383761238c7fa9b96fb \
    --hash=sha256:432c179df7874eeb73307aad2df0755e1ae0efa61ff0ea89b93e194411ae3928 \
    --hash=sha256:4a05d69cba51d852c5c3e92758653245a50c0b646ced0cf05bd793ed592839d6 \
    --hash=sha256:4c63ebc82684aa89d9a3bcbd13d515b3be44250dc68dd3bd81526c1cb31286c3 \
    --hash=sha256:4fc73cb559bdb54b1134a706a2802a4cddd27a0633f5abb7e53056268751ac6a \
    --hash=sha256:4fcbe087dbc2068af7eda3aa87634eba216dbda64d1ae73c8684b621d33f6596 \
    --hash=sha256:56cb4851bcaf3d117eddcef4fe66afd750a50274b0da8e22be256d10e5611987 \
    --hash=sha256:5855698a4856556d86e8e6cd8434bc3ac0314ee8e12089ae0e143f64c6256e4e \
    --hash=sha256:5a4330cdbc57162e4b3aa303f588ba752257694c9c9be3e7ebb11b4aca659b5d \
    --hash=sha256:5b712b53160b79a5850310b912a5ef8e57e56947c8ad690c227f5c9d7e561712 \
    --hash=sha256:5d5902252db0d3cedf8d4a1bc68f70eeb430f7e4c7104c8c476753519b423008 \
    --hash=sha256:617d7e2ca7dcb8c5cf6bcb8c59b8832c94b36196bbf1cbd1bfb56ed341905edd \
    --hash=sha256:62f875393d7f270851f20523dd2e29f082bcc82292d66db2b64ea71f64b6e1c1 \
    --hash=sha256:633147d34cf4550417f12e2b1a0383973bdf5cdfde212cb09e9a581cf10820be \
    --hash=sha256:66ce7632c22d837c95301830e111ad0128a32b8207533b60896a96c4915192ea \
    --hash=sha256:6b3ace8194b0e5204818c92802dcdca7fc6d88aabbb799d7c795540d9cd6d292 \
    --hash=sha256:6f2eeda33a839975441c86a4119e1383c50b47faf0cbb5176985565c6bb02c33 \
    --hash=sha256:7027560ee92211647d0d34e3f7cd6f50da56399d26a9c8ad0da286d3869a53f3 \
    --hash=sha256:7283d57845ecf5a163403eb0702dfc220cc4fbdd18919cb5ccea4f95ee1cdab4 \
    --hash=sha256:7a5f930472650a82629163023e630d160863fce524c616f4e5186e5de9d9a49b \
    --hash=sha256:7bfb192b3f4b9e8a89b6277b6ce787564f62cfd272055f6e685726b111dc7826 \
    --hash=sha256:811ff8e9c313ab425368bcbb36e5c4ebd7108c2bbf4e4089cfbb0b01eff63fac \
    --hash=sha256:8233f2947cf85404441fd7e0085f53b10c93e0ee78611099b5c7237e36aacbf7 \
    --hash=sha256:82cf5301172168103724d49a1444d3378cb20cdee30b116a1bd6031236298a5d \
    --hash=sha256:8358a950c8909158e3df31538a7e4edc2d7265a7c54b47f0864d9e5bae9dcebf \
    --hash=sha256:85bb3611ff1802f3ee7fdd7dbff26b56f343fb432d57a4728fdd49b6ef35e2f4 \
    --hash=sha256:86e1a4418c6cd97d60c95c71164158eaf7324fae7b0923264016baa993eba6fc \
    --hash=sha256:8b9bab013d1c7a79d3501ff86d0bc9c31bf587db4551677b96bec07df78c6b15 \
    --hash=sha256:8c5dac79fa1614d1e06ca695109c6105923bd9c7d1d6c918d4e637b7e6b32fd3 \
    --hash=sha256:8d0820e8192167f80d88d64038e609c31452eeca865b4e1d9950a27a4609b00b \
    --hash=sha256:8daafc69c93ee8a0204506a3b6b30f586ef54028f52aeeeb5c4cfc5184fd5914 \
    --hash=sha256:9037063db01f09b09e237c282b6792bd4da634b5402c4e7f0c61effed7701a04 \
    --hash=sha256:905a0ed8ea6f2d61c1738835f99b699348d7857379083e5fc497fa0c967a407c \
    --hash=sha256:90884113d8b48f760e9587002789ddd741e76ab9f89518cd1e43b1f1a52ec44b \
    --hash=sha256:91a06d2e259ecfbd8c901d70c3c507900458498142b3026a296b7de4d1322cc9 \
    --hash=sha256:926c9541b14b12b1681dca8a0b75feb510b06c6341b70a8e500c2fdcff837cce \
    --hash=sha256:9401557acd873c3a7f3eb9383edef8ac4968f9510e340f4808d427e75667e7b4 \
    --hash=sha256:9551187363ffc0de2a00b2e47c25aeaeb1020b69b668762966df15fc5659dd5a \
    --hash=sha256:962ccbab7b642487b1d8b7df90ef677e03134cf1fd8880bf698649b22a69371f \
    --hash=sha256:97e7cf2be5c77b7d1a9713a05605d49460d02c6078d38d8bef3cbe323c548424 \
    --hash=sha256:9aa768456404a8bf48a4406685ac2bec8e72b62c69313734fa3b73cf33b3a894 \
    --hash=sha256:9bc519fbf2b7578398853d815009ae5e4d4603d12f4e3f91da8c06852d3da3e9 \
    --hash=sha256:9d56801be94b86a9da183e5f3766e6310752b99ff647e38b09a9500d88e46e76 \
    --hash=sha256:9f444c499b3eefd3a92e348059471ea0c3a6e303d9c1cec09fa748fd9f895201 \
    --hash=sha256:9fa8ae11da9e2b3126c6426f147e0fba88d96d65921799bb30c6abd1cb2c97fb \
    --hash=sha256:a0f62d0a58f4e7da165457e995725421e0064f2255d8eccebc49f41bbc23b109 \
    --hash=sha256:a396dcc17e5a0b164dbe026896245a4fa9ff402edca1dff0be3d53a517f74de4 \
    --hash=sha256:aaa2a54443eff1950ba5ddc6b6ccda0d9c84a364276a62f969bdf2a390650848 \
    --hash=sha256:ad785e92e6dc634c21555edc8bd6b64957ab844541bcb96a1366c202951ae526 \
    --hash=sha256:af8244b2bef6aaad6d92cda81372de7f8c8d36c9f0c3ea36e827c60e7d9467a0 \
    --hash=sha256:b078afbc25f3a1436c7a1d2cd3e322497ee99615ba97c563566fdf46aff1ee01 \
    --hash=sha256:b2f69dec1725e79a012d920df1707de5caf7ed5e08f3be4435e25803efc47458 \
    --hash=sha256:b8458003118a712e66286df6a707db01c52c0f52f7db8e4a38f0da1d3b94fc4e \
    --hash=sha256:bb63e0198ca18aad131c089b9204c23079c3afa95487e561f4c522d519e55aba \
    --hash=sha256:bfec22eab3c8cc2ceec0248aec886624116dc079afa027ecc8ad4a7e62010f8a \
    --hash=sha256:c1747f85cee84c26985853c6f3d9bd3e75da5212912443fa111c113b9c246f39 \
    --hash=sha256:c1b3f518abeca3aa13c712fd202306e145abf59a18b094a6bafb2d2bbf59192c \
    --hash=sha256:c50f2528cf200c5eed56faf3f4e22fcd5f38c157a8b78576e6ba3168ec35f000 \
    --hash=sha256:c68fcd102d71ea85c5b2dfac3f4f8476eff42a9e078fd5faefff6d145063536b \
    --hash=sha256:c7a7bd4e39e8e4c12c39cd480356842b6a8a06e41b23a55a5e3e191718838ddf \
    --hash=sha256:c94f0688e7b8d0a67abf40e57a7eaaecd17cc9586706a31b76c031f63df052b4 \
    --hash=sha256:cbaf13819775b7f769bf4a1f066cb6df7a28d4480081a589828ef190226881cd \
    --hash=sha256:cd2213145bcc2ba85884d0ac63d222fece9209678f77b9b4d76f054c561adb28 \
    --hash=sha256:ce5c1d2a8b27468f433ca974829c44060b8097eedc39933e3c206a90ee49c4a9 \
    --hash=sha256:d396ec2b979760aaf3218e76c24e65bd0aca24983298653b3a9d7a45f9e47b30 \
    --hash=sha256:d51026d73fcfd93610abc7b27789c26b313920fcfb20e27462d74a7f8b06e983 \
    --hash=sha256:d80ee3d731373b24cebbc10d689ca4ee1875caf0d5703a245db18efd4dd37fc1 \
    --hash=sha256:d995260fdf4e1db774581b4900e0f832abe3c7c84996726bbc161b19c8f29e76 \
    --hash=sha256:da4b951fe36dc7c3a1ccb4e3cd1747c3542b8c9ceede8fc86cae054e764485f5 \
    --hash=sha256:daa27d92c36f24388fe3ad306b174781c747627f134452e4f128ea00ce1fe8c4 \
    --hash=sha256:db06ffe51636ffe9ca531fe9023dd64bdd794be8754cb5df57c5498ae5b518a7 \
    --hash=sha256:e0d65b8c354be7fb5f720c3caa8bc940bc2d20ce749c8e06135f07f8ed95dd7c \
    --hash=sha256:e68b7a074f65a2fd746c52a7ce6142ab7006074ac269ace0c25cd8ba171f8066 \
    --hash=sha256:e739fee756ba1010f8bcccb534252e85a35fe45ae92c295a06059ce58b74ccd3 \
    --hash=sha256:e846ae7835bf0703ae43f534ab79a867146dadd59dc9ca5c8b53d5c8f7c9ef02 \
    --hash=sha256:e9c26f834c65f5752f3f06cb08cb86a913ceb7274d0db6e267808a708b46bc89 \
    --hash=sha256:ea793e075b70290d89d8142074262885d3f7da19634845135751bd6344f73b50 \
    --hash=sha256:f027324c56cd5406ca49c124b0db10e56c69064fec039acc571c29020cc87c76 \
    --hash=sha256:f13a646d65d09fbf1bc6b3a9635d30095c8e7e5cc419ff35ecc563c5fd04cd49 \
    --hash=sha256:f47286a97f0bc9b8859519809077b91b2cefe4ae47fcbf5e466a009c1c5d742b \
    --hash=sha256:f747929cf940cddb5b3668a390056ddd5ba2e5010615ea2dcf4f9c4f3ab8791d \
    --hash=sha256:f99626688942fb746e545232e7726926f3be91b5975f8b55327665fafda991c7 \
    --hash=sha256:f9fa868638bf362d3d138ea55829cefb3d5f4b0d7f142234382a15e2485dbec4 \
    --hash=sha256:fbdb89b3e1c94a30cc5edfce477c6e6a5dc4d8f84665b455c27582f211a1c72c \
    --hash=sha256:fc010ab034c8c7452522748bf937df58020d256ccae0874463d1f4d01758af8e \
    --hash=sha256:fc3e9034a63de20e15e8ade85358bc6efc614008cab72898b4b4952bea0509ff \
    --hash=sha256:fd8b3d9fd264be37976686c7f65cd52a83f5e84f4bfd2adf9c1d469676bbb6ae
    # via pydantic
starlette==1.6.0 \
    --hash=sha256:a86dd39d14bb45f85a3d18525215a9ef0cfd1f192ac793220e72598c90335f0c \
    --hash=sha256:d4e3ac5e546444960c710297a3c9fc3f7ebae1b7e963f3d36173b49da535be9b
    # via fastapi
typing-extensions==4.16.0 \
    --hash=sha256:481caa481374e813c1b176ada14e97f1f67a4539ce9cfeb3f350d78d6370c2e8 \
    --hash=sha256:dc983d19a509c94dba722ee6abd33940f7c05a89e243c47e907eb4db6f1a43e5
    # via
    #   anyio
    #   fastapi
    #   psycopg
    #   pydantic
    #   pydantic-core
    #   starlette
    #   typing-inspection
typing-inspection==0.4.3 \
    --hash=sha256:5f42b23858a91e0b4ef521f5418f03a0da3c9216fd2995ef5e73463100e676cd \
    --hash=sha256:c5f9ec1530b5c1e2c9bc34a84d9a3466ed1b2f3f2fa9f901368d9c5596210e4d
    # via
    #   fastapi
    #   pydantic
uvicorn==0.52.1 \
    --hash=sha256:112ec661814189acbccd3f7b86460147cc065fc92c0821afa78918780e4354dd \
    --hash=sha256:e4403f9d93188cf9d1088e9f40e3acd12630e2df8675316704379a7fc20fff6a
    # via etoro-demo-agent (pyproject.toml)
websockets==15.0.1 \
    --hash=sha256:0701bc3cfcb9164d04a14b149fd74be7347a530ad3bbf15ab2c678a2cd3dd9a2 \
    --hash=sha256:0a34631031a8f05657e8e90903e656959234f3a04552259458aac0b0f9ae6fd9 \
    --hash=sha256:0af68c55afbd5f07986df82831c7bff04846928ea8d1fd7f30052638788bc9b5 \
    --hash=sha256:0c9e74d766f2818bb95f84c25be4dea09841ac0f734d1966f415e4edfc4ef1c3 \
    --hash=sha256:0f3c1e2ab208db911594ae5b4f79addeb3501604a165019dd221c0bdcabe4db8 \
    --hash=sha256:0fdfe3e2a29e4db3659dbd5bbf04560cea53dd9610273917799f1cde46aa725e \
    --hash=sha256:1009ee0c7739c08a0cd59de430d6de452a55e42d6b522de7aa15e6f67db0b8e1 \
    --hash=sha256:1234d4ef35db82f5446dca8e35a7da7964d02c127b095e172e54397fb6a6c256 \
    --hash=sha256:16b6c1b3e57799b9d38427dda63edcbe4926352c47cf88588c0be4ace18dac85 \
    --hash=sha256:2034693ad3097d5355bfdacfffcbd3ef5694f9718ab7f29c29689a9eae841880 \
    --hash=sha256:21c1fa28a6a7e3cbdc171c694398b6df4744613ce9b36b1a498e816787e28123 \
    --hash=sha256:229cf1d3ca6c1804400b0a9790dc66528e08a6a1feec0d5040e8b9eb14422375 \
    --hash=sha256:27ccee0071a0e75d22cb35849b1db43f2ecd3e161041ac1ee9d2352ddf72f065 \
    --hash=sha256:363c6f671b761efcb30608d24925a382497c12c506b51661883c3e22337265ed \
    --hash=sha256:39c1fec2c11dc8d89bba6b2bf1556af381611a173ac2b511cf7231622058af41 \
    --hash=sha256:3b1ac0d3e594bf121308112697cf4b32be538fb1444468fb0a6ae4feebc83411 \
    --hash=sha256:3be571a8b5afed347da347bfcf27ba12b069d9d7f42cb8c7028b5e98bbb12597 \
    --hash=sha256:3c714d2fc58b5ca3e285461a4cc0c9a66bd0e24c5da9911e30158286c9b5be7f \
    --hash=sha256:3d00075aa65772e7ce9e990cab3ff1de702aa09be3940d1dc88d5abf1ab8a09c \
    --hash=sha256:3e90baa811a5d73f3ca0bcbf32064d663ed81318ab225ee4f427ad4e26e5aff3 \
    --hash=sha256:47819cea040f31d670cc8d324bb6435c6f133b8c7a19ec3d61634e62f8d8f9eb \
    --hash=sha256:47b099e1f4fbc95b701b6e85768e1fcdaf1630f3cbe4765fa216596f12310e2e \
    --hash=sha256:4a9fac8e469d04ce6c25bb2610dc535235bd4aa14996b4e6dbebf5e007eba5ee \
    --hash=sha256:4b826973a4a2ae47ba357e4e82fa44a463b8f168e1ca775ac64521442b19e87f \
    --hash=sha256:4c2529b320eb9e35af0fa3016c187dffb84a3ecc572bcee7c3ce302bfeba52bf \
    --hash=sha256:54479983bd5fb469c38f2f5c7e3a24f9a4e70594cd68cd1fa6b9340dadaff7cf \
    --hash=sha256:558d023b3df0bffe50a04e710bc87742de35060580a293c2a984299ed83bc4e4 \
    --hash=sha256:5756779642579d902eed757b21b0164cd6fe338506a8083eb58af5c372e39d9a \
    --hash=sha256:592f1a9fe869c778694f0aa806ba0374e97648ab57936f092fd9d87f8bc03665 \
    --hash=sha256:595b6c3969023ecf9041b2936ac3827e4623bfa3ccf007575f04c5a6aa318c22 \
    --hash=sha256:5a939de6b7b4e18ca683218320fc67ea886038265fd1ed30173f5ce3f8e85675 \
    --hash=sha256:5d54b09eba2bada6011aea5375542a157637b91029687eb4fdb2dab11059c1b4 \
    --hash=sha256:5df592cd503496351d6dc14f7cdad49f268d8e618f80dce0cd5a36b93c3fc08d \
    --hash=sha256:5f4c04ead5aed67c8a1a20491d54cdfba5884507a48dd798ecaf13c74c4489f5 \
    --hash=sha256:64dee438fed052b52e4f98f76c5790513235efaa1ef7f3f2192c392cd7c91b65 \
    --hash=sha256:66dd88c918e3287efc22409d426c8f729688d89a0c587c88971a0faa2c2f3792 \
    --hash=sha256:678999709e68425ae2593acf2e3ebcbcf2e69885a5ee78f9eb80e6e371f1bf57 \
    --hash=sha256:67f2b6de947f8c757db2db9c71527933ad0019737ec374a8a6be9a956786aaf9 \
    --hash=sha256:693f0192126df6c2327cce3baa7c06f2a117575e32ab2308f7f8216c29d9e2e3 \
    --hash=sha256:746ee8dba912cd6fc889a8147168991d50ed70447bf18bcda7039f7d2e3d9151 \
    --hash=sha256:756c56e867a90fb00177d530dca4b097dd753cde348448a1012ed6c5131f8b7d \
    --hash=sha256:76d1f20b1c7a2fa82367e04982e708723ba0e7b8d43aa643d3dcd404d74f1475 \
    --hash=sha256:7f493881579c90fc262d9cdbaa05a6b54b3811c2f300766748db79f098db9940 \
    --hash=sha256:823c248b690b2fd9303ba00c4f66cd5e2d8c3ba4aa968b2779be9532a4dad431 \
    --hash=sha256:82544de02076bafba038ce055ee6412d68da13ab47f0c60cab827346de828dee \
    --hash=sha256:8dd8327c795b3e3f219760fa603dcae1dcc148172290a8ab15158cf85a953413 \
    --hash=sha256:8fdc51055e6ff4adeb88d58a11042ec9a5eae317a0a53d12c062c8a8865909e8 \
    --hash=sha256:a625e06551975f4b7ea7102bc43895b90742746797e2e14b70ed61c43a90f09b \
    --hash=sha256:abdc0c6c8c648b4805c5eacd131910d2a7f6455dfd3becab248ef108e89ab16a \
    --hash=sha256:ac017dd64572e5c3bd01939121e4d16cf30e5d7e110a119399cf3133b63ad054 \
    --hash=sha256:ac1e5c9054fe23226fb11e05a6e630837f074174c4c2f0fe442996112a6de4fb \
    --hash=sha256:ac60e3b188ec7574cb761b08d50fcedf9d77f1530352db4eef1707fe9dee7205 \
    --hash=sha256:b359ed09954d7c18bbc1680f380c7301f92c60bf924171629c5db97febb12f04 \
    --hash=sha256:b7643a03db5c95c799b89b31c036d5f27eeb4d259c798e878d6937d71832b1e4 \
    --hash=sha256:ba9e56e8ceeeedb2e080147ba85ffcd5cd0711b89576b83784d8605a7df455fa \
    --hash=sha256:c338ffa0520bdb12fbc527265235639fb76e7bc7faafbb93f6ba80d9c06578a9 \
    --hash=sha256:cad21560da69f4ce7658ca2cb83138fb4cf695a2ba3e475e0559e05991aa8122 \
    --hash=sha256:d08eb4c2b7d6c41da6ca0600c077e93f5adcfd979cd777d747e9ee624556da4b \
    --hash=sha256:d50fd1ee42388dcfb2b3676132c78116490976f1300da28eb629272d5d93e905 \
    --hash=sha256:d591f8de75824cbb7acad4e05d2d710484f15f29d4a915092675ad3456f11770 \
    --hash=sha256:d5f6b181bb38171a8ad1d6aa58a67a6aa9d4b38d0f8c5f496b9e42561dfc62fe \
    --hash=sha256:d63efaa0cd96cf0c5fe4d581521d9fa87744540d4bc999ae6e08595a1014b45b \
    --hash=sha256:d99e5546bf73dbad5bf3547174cd6cb8ba7273062a23808ffea025ecb1cf8562 \
    --hash=sha256:e09473f095a819042ecb2ab9465aee615bd9c2028e4ef7d933600a8401c79561 \
    --hash=sha256:e8b56bdcdb4505c8078cb6c7157d9811a85790f2f2b3632c7d1462ab5783d215 \
    --hash=sha256:ee443ef070bb3b6ed74514f5efaa37a252af57c90eb33b956d35c8e9c10a1931 \
    --hash=sha256:f29d80eb9a9263b8d109135351caf568cc3f80b9928bccde535c235de55c22d9 \
    --hash=sha256:f7a866fbc1e97b5c617ee4116daaa09b722101d4a3c170c787450ba409f9736f \
    --hash=sha256:fcd5cf9e305d7b8338754470cf69cf81f420459dbae8a3b40cee57417f4614a7
    # via etoro-demo-agent (pyproject.toml)

# The following packages are considered to be unsafe in a requirements file:
pip==26.2.1 \
    --hash=sha256:71138adf1f4ca900cdb7d289c21b7494329f2332b6d85f0e1c42108c0384ed3e \
    --hash=sha256:f6ad667e89a1fe78046c8f13232b247200f5258d7828f3f7883d660878e0813f
    # via etoro-demo-agent (pyproject.toml)
setuptools==83.0.0 \
    --hash=sha256:29b23c360f22f414dc7336bb39178cc7bcbf6021ed2733cde173f09dba19abb3
    # via etoro-demo-agent (pyproject.toml)
